
Microsoft Visual Studio Solution File, Format Version 12.00
# Visual Studio 15
VisualStudioVersion = 15.0.27428.2037
MinimumVisualStudioVersion = 10.0.40219.1
Project("{FAE04EC0-301F-11D3-BF4B-00C04F79EFBC}") = "spot", "spot\spot.csproj", "{A3C76F37-60D2-421F-BA66-C923B38557DD}"
EndProject
Global
	GlobalSection(SolutionConfigurationPlatforms) = preSolution
		Debug|Any CPU = Debug|Any CPU
		Release|Any CPU = Release|Any CPU
	EndGlobalSection
	GlobalSection(ProjectConfigurationPlatforms) = postSolution
		{A3C76F37-60D2-421F-BA66-C923B38557DD}.Debug|Any CPU.ActiveCfg = Debug|Any CPU
		{A3C76F37-60D2-421F-BA66-C923B38557DD}.Debug|Any CPU.Build.0 = Debug|Any CPU
		{A3C76F37-60D2-421F-BA66-C923B38557DD}.Release|Any CPU.ActiveCfg = Release|Any CPU
		{A3C76F37-60D2-421F-BA66-C923B38557DD}.Release|Any CPU.Build.0 = Release|Any CPU
	EndGlobalSection
	GlobalSection(SolutionProperties) = preSolution
		HideSolutionNode = FALSE
	EndGlobalSection
	GlobalSection(ExtensibilityGlobals) = postSolution
		SolutionGuid = {BC28888F-197B-42B5-BB7F-18D261E8E2C7}
	EndGlobalSection
EndGlobal
